// !$*UTF8*$!
{
	archiveVersion = 1;
	classes = {
	};
	objectVersion = 46;
	objects = {

/* Begin PBXBuildFile section */
		9D6F79521887162A00A9DAB9 /* Foundation.framework in Frameworks */ = {isa = PBXBuildFile; fileRef = 9D6F79511887162A00A9DAB9 /* Foundation.framework */; };
		9D6F79541887162A00A9DAB9 /* CoreGraphics.framework in Frameworks */ = {isa = PBXBuildFile; fileRef = 9D6F79531887162A00A9DAB9 /* CoreGraphics.framework */; };
		9D6F79561887162A00A9DAB9 /* UIKit.framework in Frameworks */ = {isa = PBXBuildFile; fileRef = 9D6F79551887162A00A9DAB9 /* UIKit.framework */; };
		9D6F795C1887162A00A9DAB9 /* InfoPlist.strings in Resources */ = {isa = PBXBuildFile; fileRef = 9D6F795A1887162A00A9DAB9 /* InfoPlist.strings */; };
		9D6F795E1887162A00A9DAB9 /* main.m in Sources */ = {isa = PBXBuildFile; fileRef = 9D6F795D1887162A00A9DAB9 /* main.m */; };
		9D6F79621887162A00A9DAB9 /* AppDelegate.m in Sources */ = {isa = PBXBuildFile; fileRef = 9D6F79611887162A00A9DAB9 /* AppDelegate.m */; };
		9D6F79651887162A00A9DAB9 /* Main.storyboard in Resources */ = {isa = PBXBuildFile; fileRef = 9D6F79631887162A00A9DAB9 /* Main.storyboard */; };
		9D6F79681887162A00A9DAB9 /* ViewController.m in Sources */ = {isa = PBXBuildFile; fileRef = 9D6F79671887162A00A9DAB9 /* ViewController.m */; };
		9D6F796A1887162A00A9DAB9 /* Images.xcassets in Resources */ = {isa = PBXBuildFile; fileRef = 9D6F79691887162A00A9DAB9 /* Images.xcassets */; };
		9D6F79711887162A00A9DAB9 /* XCTest.framework in Frameworks */ = {isa = PBXBuildFile; fileRef = 9D6F79701887162A00A9DAB9 /* XCTest.framework */; };
		9D6F79721887162A00A9DAB9 /* Foundation.framework in Frameworks */ = {isa = PBXBuildFile; fileRef = 9D6F79511887162A00A9DAB9 /* Foundation.framework */; };
		9D6F79731887162A00A9DAB9 /* UIKit.framework in Frameworks */ = {isa = PBXBuildFile; fileRef = 9D6F79551887162A00A9DAB9 /* UIKit.framework */; };
		9D6F797B1887162A00A9DAB9 /* InfoPlist.strings in Resources */ = {isa = PBXBuildFile; fileRef = 9D6F79791887162A00A9DAB9 /* InfoPlist.strings */; };
		9D6F797D1887162A00A9DAB9 /* firstAppTests.m in Sources */ = {isa = PBXBuildFile; fileRef = 9D6F797C1887162A00A9DAB9 /* firstAppTests.m */; };
/* End PBXBuildFile section */

/* Begin PBXContainerItemProxy section */
		9D6F79741887162A00A9DAB9 /* PBXContainerItemProxy */ = {
			isa = PBXContainerItemProxy;
			containerPortal = 9D6F79461887162A00A9DAB9 /* Project object */;
			proxyType = 1;
			remoteGlobalIDString = 9D6F794D1887162A00A9DAB9;
			remoteInfo = firstApp;
		};
/* End PBXContainerItemProxy section */

/* Begin PBXFileReference section */
		9D6F794E1887162A00A9DAB9 /* firstApp.app */ = {isa = PBXFileReference; explicitFileType = wrapper.application; includeInIndex = 0; path = firstApp.app; sourceTree = BUILT_PRODUCTS_DIR; };
		9D6F79511887162A00A9DAB9 /* Foundation.framework */ = {isa = PBXFileReference; lastKnownFileType = wrapper.framework; name = Foundation.framework; path = System/Library/Frameworks/Foundation.framework; sourceTree = SDKROOT; };
		9D6F79531887162A00A9DAB9 /* CoreGraphics.framework */ = {isa = PBXFileReference; lastKnownFileType = wrapper.framework; name = CoreGraphics.framework; path = System/Library/Frameworks/CoreGraphics.framework; sourceTree = SDKROOT; };
		9D6F79551887162A00A9DAB9 /* UIKit.framework */ = {isa = PBXFileReference; lastKnownFileType = wrapper.framework; name = UIKit.framework; path = System/Library/Frameworks/UIKit.framework; sourceTree = SDKROOT; };
		9D6F79591887162A00A9DAB9 /* firstApp-Info.plist */ = {isa = PBXFileReference; lastKnownFileType = text.plist.xml; path = "firstApp-Info.plist"; sourceTree = "<group>"; };
		9D6F795B1887162A00A9DAB9 /* en */ = {isa = PBXFileReference; lastKnownFileType = text.plist.strings; name = en; path = en.lproj/InfoPlist.strings; sourceTree = "<group>"; };
		9D6F795D1887162A00A9DAB9 /* main.m */ = {isa = PBXFileReference; lastKnownFileType = sourcecode.c.objc; path = main.m; sourceTree = "<group>"; };
		9D6F795F1887162A00A9DAB9 /* firstApp-Prefix.pch */ = {isa = PBXFileReference; lastKnownFileType = sourcecode.c.h; path = "firstApp-Prefix.pch"; sourceTree = "<group>"; };
		9D6F79601887162A00A9DAB9 /* AppDelegate.h */ = {isa = PBXFileReference; lastKnownFileType = sourcecode.c.h; path = AppDelegate.h; sourceTree = "<group>"; };
		9D6F79611887162A00A9DAB9 /* AppDelegate.m */ = {isa = PBXFileReference; lastKnownFileType = sourcecode.c.objc; path = AppDelegate.m; sourceTree = "<group>"; };
		9D6F79641887162A00A9DAB9 /* Base */ = {isa = PBXFileReference; lastKnownFileType = file.storyboard; name = Base; path = Base.lproj/Main.storyboard; sourceTree = "<group>"; };
		9D6F79661887162A00A9DAB9 /* ViewController.h */ = {isa = PBXFileReference; lastKnownFileType = sourcecode.c.h; path = ViewController.h; sourceTree = "<group>"; };
		9D6F79671887162A00A9DAB9 /* ViewController.m */ = {isa = PBXFileReference; lastKnownFileType = sourcecode.c.objc; path = ViewController.m; sourceTree = "<group>"; };
		9D6F79691887162A00A9DAB9 /* Images.xcassets */ = {isa = PBXFileReference; lastKnownFileType = folder.assetcatalog; path = Images.xcassets; sourceTree = "<group>"; };
		9D6F796F1887162A00A9DAB9 /* firstAppTests.xctest */ = {isa = PBXFileReference; explicitFileType = wrapper.cfbundle; includeInIndex = 0; path = firstAppTests.xctest; sourceTree = BUILT_PRODUCTS_DIR; };
		9D6F79701887162A00A9DAB9 /* XCTest.framework */ = {isa = PBXFileReference; lastKnownFileType = wrapper.framework; name = XCTest.framework; path = Library/Frameworks/XCTest.framework; sourceTree = DEVELOPER_DIR; };
		9D6F79781887162A00A9DAB9 /* firstAppTests-Info.plist */ = {isa = PBXFileReference; lastKnownFileType = text.plist.xml; path = "firstAppTests-Info.plist"; sourceTree = "<group>"; };
		9D6F797A1887162A00A9DAB9 /* en */ = {isa = PBXFileReference; lastKnownFileType = text.plist.strings; name = en; path = en.lproj/InfoPlist.strings; sourceTree = "<group>"; };
		9D6F797C1887162A00A9DAB9 /* firstAppTests.m */ = {isa = PBXFileReference; lastKnownFileType = sourcecode.c.objc; path = firstAppTests.m; sourceTree = "<group>"; };
/* End PBXFileReference section */

/* Begin PBXFrameworksBuildPhase section */
		9D6F794B1887162A00A9DAB9 /* Frameworks */ = {
			isa = PBXFrameworksBuildPhase;
			buildActionMask = 2147483647;
			files = (
				9D6F79541887162A00A9DAB9 /* CoreGraphics.framework in Frameworks */,
				9D6F79561887162A00A9DAB9 /* UIKit.framework in Frameworks */,
				9D6F79521887162A00A9DAB9 /* Foundation.framework in Frameworks */,
			);
			runOnlyForDeploymentPostprocessing = 0;
		};
		9D6F796C1887162A00A9DAB9 /* Frameworks */ = {
			isa = PBXFrameworksBuildPhase;
			buildActionMask = 2147483647;
			files = (
				9D6F79711887162A00A9DAB9 /* XCTest.framework in Frameworks */,
				9D6F79731887162A00A9DAB9 /* UIKit.framework in Frameworks */,
				9D6F79721887162A00A9DAB9 /* Foundation.framework in Frameworks */,
			);
			runOnlyForDeploymentPostprocessing = 0;
		};
/* End PBXFrameworksBuildPhase section */

/* Begin PBXGroup section */
		9D6F79451887162A00A9DAB9 = {
			isa = PBXGroup;
			children = (
				9D6F79571887162A00A9DAB9 /* firstApp */,
				9D6F79761887162A00A9DAB9 /* firstAppTests */,
				9D6F79501887162A00A9DAB9 /* Frameworks */,
				9D6F794F1887162A00A9DAB9 /* Products */,
			);
			sourceTree = "<group>";
		};
		9D6F794F1887162A00A9DAB9 /* Products */ = {
			isa = PBXGroup;
			children = (
				9D6F794E1887162A00A9DAB9 /* firstApp.app */,
				9D6F796F1887162A00A9DAB9 /* firstAppTests.xctest */,
			);
			name = Products;
			sourceTree = "<group>";
		};
		9D6F79501887162A00A9DAB9 /* Frameworks */ = {
			isa = PBXGroup;
			children = (
				9D6F79511887162A00A9DAB9 /* Foundation.framework */,
				9D6F79531887162A00A9DAB9 /* CoreGraphics.framework */,
				9D6F79551887162A00A9DAB9 /* UIKit.framework */,
				9D6F79701887162A00A9DAB9 /* XCTest.framework */,
			);
			name = Frameworks;
			sourceTree = "<group>";
		};
		9D6F79571887162A00A9DAB9 /* firstApp */ = {
			isa = PBXGroup;
			children = (
				9D6F79601887162A00A9DAB9 /* AppDelegate.h */,
				9D6F79611887162A00A9DAB9 /* AppDelegate.m */,
				9D6F79631887162A00A9DAB9 /* Main.storyboard */,
				9D6F79661887162A00A9DAB9 /* ViewController.h */,
				9D6F79671887162A00A9DAB9 /* ViewController.m */,
				9D6F79691887162A00A9DAB9 /* Images.xcassets */,
				9D6F79581887162A00A9DAB9 /* Supporting Files */,
			);
			path = firstApp;
			sourceTree = "<group>";
		};
		9D6F79581887162A00A9DAB9 /* Supporting Files */ = {
			isa = PBXGroup;
			children = (
				9D6F79591887162A00A9DAB9 /* firstApp-Info.plist */,
				9D6F795A1887162A00A9DAB9 /* InfoPlist.strings */,
				9D6F795D1887162A00A9DAB9 /* main.m */,
				9D6F795F1887162A00A9DAB9 /* firstApp-Prefix.pch */,
			);
			name = "Supporting Files";
			sourceTree = "<group>";
		};
		9D6F79761887162A00A9DAB9 /* firstAppTests */ = {
			isa = PBXGroup;
			children = (
				9D6F797C1887162A00A9DAB9 /* firstAppTests.m */,
				9D6F79771887162A00A9DAB9 /* Supporting Files */,
			);
			path = firstAppTests;
			sourceTree = "<group>";
		};
		9D6F79771887162A00A9DAB9 /* Supporting Files */ = {
			isa = PBXGroup;
			children = (
				9D6F79781887162A00A9DAB9 /* firstAppTests-Info.plist */,
				9D6F79791887162A00A9DAB9 /* InfoPlist.strings */,
			);
			name = "Supporting Files";
			sourceTree = "<group>";
		};
/* End PBXGroup section */

/* Begin PBXNativeTarget section */
		9D6F794D1887162A00A9DAB9 /* firstApp */ = {
			isa = PBXNativeTarget;
			buildConfigurationList = 9D6F79801887162A00A9DAB9 /* Build configuration list for PBXNativeTarget "firstApp" */;
			buildPhases = (
				9D6F794A1887162A00A9DAB9 /* Sources */,
				9D6F794B1887162A00A9DAB9 /* Frameworks */,
				9D6F794C1887162A00A9DAB9 /* Resources */,
			);
			buildRules = (
			);
			dependencies = (
			);
			name = firstApp;
			productName = firstApp;
			productReference = 9D6F794E1887162A00A9DAB9 /* firstApp.app */;
			productType = "com.apple.product-type.application";
		};
		9D6F796E1887162A00A9DAB9 /* firstAppTests */ = {
			isa = PBXNativeTarget;
			buildConfigurationList = 9D6F79831887162A00A9DAB9 /* Build configuration list for PBXNativeTarget "firstAppTests" */;
			buildPhases = (
				9D6F796B1887162A00A9DAB9 /* Sources */,
				9D6F796C1887162A00A9DAB9 /* Frameworks */,
				9D6F796D1887162A00A9DAB9 /* Resources */,
			);
			buildRules = (
			);
			dependencies = (
				9D6F79751887162A00A9DAB9 /* PBXTargetDependency */,
			);
			name = firstAppTests;
			productName = firstAppTests;
			productReference = 9D6F796F1887162A00A9DAB9 /* firstAppTests.xctest */;
			productType = "com.apple.product-type.bundle.unit-test";
		};
/* End PBXNativeTarget section */

/* Begin PBXProject section */
		9D6F79461887162A00A9DAB9 /* Project object */ = {
			isa = PBXProject;
			attributes = {
				LastUpgradeCheck = 0500;
				ORGANIZATIONNAME = acraze;
				TargetAttributes = {
					9D6F796E1887162A00A9DAB9 = {
						TestTargetID = 9D6F794D1887162A00A9DAB9;
					};
				};
			};
			buildConfigurationList = 9D6F79491887162A00A9DAB9 /* Build configuration list for PBXProject "firstApp" */;
			compatibilityVersion = "Xcode 3.2";
			developmentRegion = English;
			hasScannedForEncodings = 0;
			knownRegions = (
				en,
				Base,
			);
			mainGroup = 9D6F79451887162A00A9DAB9;
			productRefGroup = 9D6F794F1887162A00A9DAB9 /* Products */;
			projectDirPath = "";
			projectRoot = "";
			targets = (
				9D6F794D1887162A00A9DAB9 /* firstApp */,
				9D6F796E1887162A00A9DAB9 /* firstAppTests */,
			);
		};
/* End PBXProject section */

/* Begin PBXResourcesBuildPhase section */
		9D6F794C1887162A00A9DAB9 /* Resources */ = {
			isa = PBXResourcesBuildPhase;
			buildActionMask = 2147483647;
			files = (
				9D6F796A1887162A00A9DAB9 /* Images.xcassets in Resources */,
				9D6F795C1887162A00A9DAB9 /* InfoPlist.strings in Resources */,
				9D6F79651887162A00A9DAB9 /* Main.storyboard in Resources */,
			);
			runOnlyForDeploymentPostprocessing = 0;
		};
		9D6F796D1887162A00A9DAB9 /* Resources */ = {
			isa = PBXResourcesBuildPhase;
			buildActionMask = 2147483647;
			files = (
				9D6F797B1887162A00A9DAB9 /* InfoPlist.strings in Resources */,
			);
			runOnlyForDeploymentPostprocessing = 0;
		};
/* End PBXResourcesBuildPhase section */

/* Begin PBXSourcesBuildPhase section */
		9D6F794A1887162A00A9DAB9 /* Sources */ = {
			isa = PBXSourcesBuildPhase;
			buildActionMask = 2147483647;
			files = (
				9D6F79681887162A00A9DAB9 /* ViewController.m in Sources */,
				9D6F79621887162A00A9DAB9 /* AppDelegate.m in Sources */,
				9D6F795E1887162A00A9DAB9 /* main.m in Sources */,
			);
			runOnlyForDeploymentPostprocessing = 0;
		};
		9D6F796B1887162A00A9DAB9 /* Sources */ = {
			isa = PBXSourcesBuildPhase;
			buildActionMask = 2147483647;
			files = (
				9D6F797D1887162A00A9DAB9 /* firstAppTests.m in Sources */,
			);
			runOnlyForDeploymentPostprocessing = 0;
		};
/* End PBXSourcesBuildPhase section */

/* Begin PBXTargetDependency section */
		9D6F79751887162A00A9DAB9 /* PBXTargetDependency */ = {
			isa = PBXTargetDependency;
			target = 9D6F794D1887162A00A9DAB9 /* firstApp */;
			targetProxy = 9D6F79741887162A00A9DAB9 /* PBXContainerItemProxy */;
		};
/* End PBXTargetDependency section */

/* Begin PBXVariantGroup section */
		9D6F795A1887162A00A9DAB9 /* InfoPlist.strings */ = {
			isa = PBXVariantGroup;
			children = (
				9D6F795B1887162A00A9DAB9 /* en */,
			);
			name = InfoPlist.strings;
			sourceTree = "<group>";
		};
		9D6F79631887162A00A9DAB9 /* Main.storyboard */ = {
			isa = PBXVariantGroup;
			children = (
				9D6F79641887162A00A9DAB9 /* Base */,
			);
			name = Main.storyboard;
			sourceTree = "<group>";
		};
		9D6F79791887162A00A9DAB9 /* InfoPlist.strings */ = {
			isa = PBXVariantGroup;
			children = (
				9D6F797A1887162A00A9DAB9 /* en */,
			);
			name = InfoPlist.strings;
			sourceTree = "<group>";
		};
/* End PBXVariantGroup section */

/* Begin XCBuildConfiguration section */
		9D6F797E1887162A00A9DAB9 /* Debug */ = {
			isa = XCBuildConfiguration;
			buildSettings = {
				ALWAYS_SEARCH_USER_PATHS = NO;
				ARCHS = "$(ARCHS_STANDARD_INCLUDING_64_BIT)";
				CLANG_CXX_LANGUAGE_STANDARD = "gnu++0x";
				CLANG_CXX_LIBRARY = "libc++";
				CLANG_ENABLE_MODULES = YES;
				CLANG_ENABLE_OBJC_ARC = YES;
				CLANG_WARN_BOOL_CONVERSION = YES;
				CLANG_WARN_CONSTANT_CONVERSION = YES;
				CLANG_WARN_DIRECT_OBJC_ISA_USAGE = YES_ERROR;
				CLANG_WARN_EMPTY_BODY = YES;
				CLANG_WARN_ENUM_CONVERSION = YES;
				CLANG_WARN_INT_CONVERSION = YES;
				CLANG_WARN_OBJC_ROOT_CLASS = YES_ERROR;
				CLANG_WARN__DUPLICATE_METHOD_MATCH = YES;
				"CODE_SIGN_IDENTITY[sdk=iphoneos*]" = "iPhone Developer";
				COPY_PHASE_STRIP = NO;
				GCC_C_LANGUAGE_STANDARD = gnu99;
				GCC_DYNAMIC_NO_PIC = NO;
				GCC_OPTIMIZATION_LEVEL = 0;
				GCC_PREPROCESSOR_DEFINITIONS = (
					"DEBUG=1",
					"$(inherited)",
				);
				GCC_SYMBOLS_PRIVATE_EXTERN = NO;
				GCC_WARN_64_TO_32_BIT_CONVERSION = YES;
				GCC_WARN_ABOUT_RETURN_TYPE = YES_ERROR;
				GCC_WARN_UNDECLARED_SELECTOR = YES;
				GCC_WARN_UNINITIALIZED_AUTOS = YES;
				GCC_WARN_UNUSED_FUNCTION = YES;
				GCC_WARN_UNUSED_VARIABLE = YES;
				IPHONEOS_DEPLOYMENT_TARGET = 7.0;
				ONLY_ACTIVE_ARCH = YES;
				SDKROOT = iphoneos;
			};
			name = Debug;
		};
		9D6F797F1887162A00A9DAB9 /* Release */ = {
			isa = XCBuildConfiguration;
			buildSettings = {
				ALWAYS_SEARCH_USER_PATHS = NO;
				ARCHS = "$(ARCHS_STANDARD_INCLUDING_64_BIT)";
				CLANG_CXX_LANGUAGE_STANDARD = "gnu++0x";
				CLANG_CXX_LIBRARY = "libc++";
				CLANG_ENABLE_MODULES = YES;
				CLANG_ENABLE_OBJC_ARC = YES;
				CLANG_WARN_BOOL_CONVERSION = YES;
				CLANG_WARN_CONSTANT_CONVERSION = YES;
				CLANG_WARN_DIRECT_OBJC_ISA_USAGE = YES_ERROR;
				CLANG_WARN_EMPTY_BODY = YES;
				CLANG_WARN_ENUM_CONVERSION = YES;
				CLANG_WARN_INT_CONVERSION = YES;
				CLANG_WARN_OBJC_ROOT_CLASS = YES_ERROR;
				CLANG_WARN__DUPLICATE_METHOD_MATCH = YES;
				"CODE_SIGN_IDENTITY[sdk=iphoneos*]" = "iPhone Developer";
				COPY_PHASE_STRIP = YES;
				ENABLE_NS_ASSERTIONS = NO;
				GCC_C_LANGUAGE_STANDARD = gnu99;
				GCC_WARN_64_TO_32_BIT_CONVERSION = YES;
				GCC_WARN_ABOUT_RETURN_TYPE = YES_ERROR;
				GCC_WARN_UNDECLARED_SELECTOR = YES;
				GCC_WARN_UNINITIALIZED_AUTOS = YES;
				GCC_WARN_UNUSED_FUNCTION = YES;
				GCC_WARN_UNUSED_VARIABLE = YES;
				IPHONEOS_DEPLOYMENT_TARGET = 7.0;
				SDKROOT = iphoneos;
				VALIDATE_PRODUCT = YES;
			};
			name = Release;
		};
		9D6F79811887162A00A9DAB9 /* Debug */ = {
			isa = XCBuildConfiguration;
			buildSettings = {
				ASSETCATALOG_COMPILER_APPICON_NAME = AppIcon;
				ASSETCATALOG_COMPILER_LAUNCHIMAGE_NAME = LaunchImage;
				GCC_PRECOMPILE_PREFIX_HEADER = YES;
				GCC_PREFIX_HEADER = "firstApp/firstApp-Prefix.pch";
				INFOPLIST_FILE = "firstApp/firstApp-Info.plist";
				PRODUCT_NAME = "$(TARGET_NAME)";
				WRAPPER_EXTENSION = app;
			};
			name = Debug;
		};
		9D6F79821887162A00A9DAB9 /* Release */ = {
			isa = XCBuildConfiguration;
			buildSettings = {
				ASSETCATALOG_COMPILER_APPICON_NAME = AppIcon;
				ASSETCATALOG_COMPILER_LAUNCHIMAGE_NAME = LaunchImage;
				GCC_PRECOMPILE_PREFIX_HEADER = YES;
				GCC_PREFIX_HEADER = "firstApp/firstApp-Prefix.pch";
				INFOPLIST_FILE = "firstApp/firstApp-Info.plist";
				PRODUCT_NAME = "$(TARGET_NAME)";
				WRAPPER_EXTENSION = app;
			};
			name = Release;
		};
		9D6F79841887162A00A9DAB9 /* Debug */ = {
			isa = XCBuildConfiguration;
			buildSettings = {
				ARCHS = "$(ARCHS_STANDARD_INCLUDING_64_BIT)";
				BUNDLE_LOADER = "$(BUILT_PRODUCTS_DIR)/firstApp.app/firstApp";
				FRAMEWORK_SEARCH_PATHS = (
					"$(SDKROOT)/Developer/Library/Frameworks",
					"$(inherited)",
					"$(DEVELOPER_FRAMEWORKS_DIR)",
				);
				GCC_PRECOMPILE_PREFIX_HEADER = YES;
				GCC_PREFIX_HEADER = "firstApp/firstApp-Prefix.pch";
				GCC_PREPROCESSOR_DEFINITIONS = (
					"DEBUG=1",
					"$(inherited)",
				);
				INFOPLIST_FILE = "firstAppTests/firstAppTests-Info.plist";
				PRODUCT_NAME = "$(TARGET_NAME)";
				TEST_HOST = "$(BUNDLE_LOADER)";
				WRAPPER_EXTENSION = xctest;
			};
			name = Debug;
		};
		9D6F79851887162A00A9DAB9 /* Release */ = {
			isa = XCBuildConfiguration;
			buildSettings = {
				ARCHS = "$(ARCHS_STANDARD_INCLUDING_64_BIT)";
				BUNDLE_LOADER = "$(BUILT_PRODUCTS_DIR)/firstApp.app/firstApp";
				FRAMEWORK_SEARCH_PATHS = (
					"$(SDKROOT)/Developer/Library/Frameworks",
					"$(inherited)",
					"$(DEVELOPER_FRAMEWORKS_DIR)",
				);
				GCC_PRECOMPILE_PREFIX_HEADER = YES;
				GCC_PREFIX_HEADER = "firstApp/firstApp-Prefix.pch";
				INFOPLIST_FILE = "firstAppTests/firstAppTests-Info.plist";
				PRODUCT_NAME = "$(TARGET_NAME)";
				TEST_HOST = "$(BUNDLE_LOADER)";
				WRAPPER_EXTENSION = xctest;
			};
			name = Release;
		};
/* End XCBuildConfiguration section */

/* Begin XCConfigurationList section */
		9D6F79491887162A00A9DAB9 /* Build configuration list for PBXProject "firstApp" */ = {
			isa = XCConfigurationList;
			buildConfigurations = (
				9D6F797E1887162A00A9DAB9 /* Debug */,
				9D6F797F1887162A00A9DAB9 /* Release */,
			);
			defaultConfigurationIsVisible = 0;
			defaultConfigurationName = Release;
		};
		9D6F79801887162A00A9DAB9 /* Build configuration list for PBXNativeTarget "firstApp" */ = {
			isa = XCConfigurationList;
			buildConfigurations = (
				9D6F79811887162A00A9DAB9 /* Debug */,
				9D6F79821887162A00A9DAB9 /* Release */,
			);
			defaultConfigurationIsVisible = 0;
		};
		9D6F79831887162A00A9DAB9 /* Build configuration list for PBXNativeTarget "firstAppTests" */ = {
			isa = XCConfigurationList;
			buildConfigurations = (
				9D6F79841887162A00A9DAB9 /* Debug */,
				9D6F79851887162A00A9DAB9 /* Release */,
			);
			defaultConfigurationIsVisible = 0;
		};
/* End XCConfigurationList section */
	};
	rootObject = 9D6F79461887162A00A9DAB9 /* Project object */;
}
